
Microsoft Visual Studio Solution File, Format Version 12.00
# Visual Studio Version 17
VisualStudioVersion = 17.14.37314.3 d17.14
MinimumVisualStudioVersion = 10.0.40219.1
Project("{8BC9CEB8-8B4A-11D0-8D11-00A0C91BC942}") = "Task_5-1", "Task_5-1.vcxproj", "{E01D4E4D-5916-4B1F-94C5-BCF6B9934AFA}"
EndProject
Global
	GlobalSection(SolutionConfigurationPlatforms) = preSolution
		Debug|x64 = Debug|x64
		Debug|x86 = Debug|x86
		Release|x64 = Release|x64
		Release|x86 = Release|x86
	EndGlobalSection
	GlobalSection(ProjectConfigurationPlatforms) = postSolution
		{E01D4E4D-5916-4B1F-94C5-BCF6B9934AFA}.Debug|x64.ActiveCfg = Debug|x64
		{E01D4E4D-5916-4B1F-94C5-BCF6B9934AFA}.Debug|x64.Build.0 = Debug|x64
		{E01D4E4D-5916-4B1F-94C5-BCF6B9934AFA}.Debug|x86.ActiveCfg = Debug|Win32
		{E01D4E4D-5916-4B1F-94C5-BCF6B9934AFA}.Debug|x86.Build.0 = Debug|Win32
		{E01D4E4D-5916-4B1F-94C5-BCF6B9934AFA}.Release|x64.ActiveCfg = Release|x64
		{E01D4E4D-5916-4B1F-94C5-BCF6B9934AFA}.Release|x64.Build.0 = Release|x64
		{E01D4E4D-5916-4B1F-94C5-BCF6B9934AFA}.Release|x86.ActiveCfg = Release|Win32
		{E01D4E4D-5916-4B1F-94C5-BCF6B9934AFA}.Release|x86.Build.0 = Release|Win32
	EndGlobalSection
	GlobalSection(SolutionProperties) = preSolution
		HideSolutionNode = FALSE
	EndGlobalSection
	GlobalSection(ExtensibilityGlobals) = postSolution
		SolutionGuid = {9FC22235-B72F-4078-852F-72D2C1826C75}
	EndGlobalSection
EndGlobal
